<Solution>
  <Folder Name="/src/">
    <Project Path="src/WorkPulse.API/WorkPulse.API.csproj" />
    <Project Path="src/WorkPulse.Application/WorkPulse.Application.csproj" />
    <Project Path="src/WorkPulse.Domain/WorkPulse.Domain.csproj" />
    <Project Path="src/WorkPulse.Infrastructure/WorkPulse.Infrastructure.csproj" />
  </Folder>
  <Folder Name="/tests/">
    <Project Path="tests/WorkPulse.Application.Tests/WorkPulse.Application.Tests.csproj" />
    <Project Path="tests/WorkPulse.Domain.Tests/WorkPulse.Domain.Tests.csproj" />
    <Project Path="tests/WorkPulse.Infrastructure.Tests/WorkPulse.Infrastructure.Tests.csproj" />
  </Folder>
</Solution>
